
Microsoft Visual Studio Solution File, Format Version 12.00
# Visual Studio Version 17
VisualStudioVersion = 17.9.34728.123
MinimumVisualStudioVersion = 10.0.40219.1
Project("{FAE04EC0-301F-11D3-BF4B-00C04F79EFBC}") = "ContentWarningMod", "ContentWarningMod\ContentWarningMod.csproj", "{01F48A07-F092-44DA-927E-60C8C23942B9}"
EndProject
Global
	GlobalSection(SolutionConfigurationPlatforms) = preSolution
		Debug|Any CPU = Debug|Any CPU
		Release|Any CPU = Release|Any CPU
	EndGlobalSection
	GlobalSection(ProjectConfigurationPlatforms) = postSolution
		{01F48A07-F092-44DA-927E-60C8C23942B9}.Debug|Any CPU.ActiveCfg = Debug|Any CPU
		{01F48A07-F092-44DA-927E-60C8C23942B9}.Debug|Any CPU.Build.0 = Debug|Any CPU
		{01F48A07-F092-44DA-927E-60C8C23942B9}.Release|Any CPU.ActiveCfg = Release|Any CPU
		{01F48A07-F092-44DA-927E-60C8C23942B9}.Release|Any CPU.Build.0 = Release|Any CPU
	EndGlobalSection
	GlobalSection(SolutionProperties) = preSolution
		HideSolutionNode = FALSE
	EndGlobalSection
	GlobalSection(ExtensibilityGlobals) = postSolution
		SolutionGuid = {7DD2F3CC-A724-41CE-9F13-B8B9486340E1}
	EndGlobalSection
EndGlobal
